// !$*UTF8*$!
{
	archiveVersion = 1;
	classes = {
	};
	objectVersion = 46;
	objects = {

/* Begin PBXBuildFile section */
		B93FD81A196739A600F8EF0B /* Foundation.framework in Frameworks */ = {isa = PBXBuildFile; fileRef = B93FD819196739A600F8EF0B /* Foundation.framework */; };
		B93FD81C196739A600F8EF0B /* CoreGraphics.framework in Frameworks */ = {isa = PBXBuildFile; fileRef = B93FD81B196739A600F8EF0B /* CoreGraphics.framework */; };
		B93FD81E196739A600F8EF0B /* UIKit.framework in Frameworks */ = {isa = PBXBuildFile; fileRef = B93FD81D196739A600F8EF0B /* UIKit.framework */; };
		B93FD824196739A600F8EF0B /* InfoPlist.strings in Resources */ = {isa = PBXBuildFile; fileRef = B93FD822196739A600F8EF0B /* InfoPlist.strings */; };
		B93FD826196739A600F8EF0B /* main.m in Sources */ = {isa = PBXBuildFile; fileRef = B93FD825196739A600F8EF0B /* main.m */; };
		B93FD82A196739A600F8EF0B /* AppDelegate.m in Sources */ = {isa = PBXBuildFile; fileRef = B93FD829196739A600F8EF0B /* AppDelegate.m */; };
		B93FD82D196739A600F8EF0B /* Main.storyboard in Resources */ = {isa = PBXBuildFile; fileRef = B93FD82B196739A600F8EF0B /* Main.storyboard */; };
		B93FD832196739A600F8EF0B /* Images.xcassets in Resources */ = {isa = PBXBuildFile; fileRef = B93FD831196739A600F8EF0B /* Images.xcassets */; };
		B93FD85019673AD600F8EF0B /* JMGLoctitePush.m in Sources */ = {isa = PBXBuildFile; fileRef = B93FD84F19673AD600F8EF0B /* JMGLoctitePush.m */; };
		B93FD85419673CB400F8EF0B /* JMGLoctiteUtils.m in Sources */ = {isa = PBXBuildFile; fileRef = B93FD85319673CB400F8EF0B /* JMGLoctiteUtils.m */; };
		B93FD85719673D2900F8EF0B /* JMGLoctiteModal.m in Sources */ = {isa = PBXBuildFile; fileRef = B93FD85619673D2900F8EF0B /* JMGLoctiteModal.m */; };
		B93FD85919673D9700F8EF0B /* Second.storyboard in Resources */ = {isa = PBXBuildFile; fileRef = B93FD85819673D9700F8EF0B /* Second.storyboard */; };
/* End PBXBuildFile section */

/* Begin PBXFileReference section */
		B93FD816196739A600F8EF0B /* Loctite Demo.app */ = {isa = PBXFileReference; explicitFileType = wrapper.application; includeInIndex = 0; path = "Loctite Demo.app"; sourceTree = BUILT_PRODUCTS_DIR; };
		B93FD819196739A600F8EF0B /* Foundation.framework */ = {isa = PBXFileReference; lastKnownFileType = wrapper.framework; name = Foundation.framework; path = System/Library/Frameworks/Foundation.framework; sourceTree = SDKROOT; };
		B93FD81B196739A600F8EF0B /* CoreGraphics.framework */ = {isa = PBXFileReference; lastKnownFileType = wrapper.framework; name = CoreGraphics.framework; path = System/Library/Frameworks/CoreGraphics.framework; sourceTree = SDKROOT; };
		B93FD81D196739A600F8EF0B /* UIKit.framework */ = {isa = PBXFileReference; lastKnownFileType = wrapper.framework; name = UIKit.framework; path = System/Library/Frameworks/UIKit.framework; sourceTree = SDKROOT; };
		B93FD821196739A600F8EF0B /* Loctite Demo-Info.plist */ = {isa = PBXFileReference; lastKnownFileType = text.plist.xml; path = "Loctite Demo-Info.plist"; sourceTree = "<group>"; };
		B93FD823196739A600F8EF0B /* en */ = {isa = PBXFileReference; lastKnownFileType = text.plist.strings; name = en; path = en.lproj/InfoPlist.strings; sourceTree = "<group>"; };
		B93FD825196739A600F8EF0B /* main.m */ = {isa = PBXFileReference; lastKnownFileType = sourcecode.c.objc; path = main.m; sourceTree = "<group>"; };
		B93FD827196739A600F8EF0B /* Loctite Demo-Prefix.pch */ = {isa = PBXFileReference; lastKnownFileType = sourcecode.c.h; path = "Loctite Demo-Prefix.pch"; sourceTree = "<group>"; };
		B93FD828196739A600F8EF0B /* AppDelegate.h */ = {isa = PBXFileReference; lastKnownFileType = sourcecode.c.h; path = AppDelegate.h; sourceTree = "<group>"; };
		B93FD829196739A600F8EF0B /* AppDelegate.m */ = {isa = PBXFileReference; lastKnownFileType = sourcecode.c.objc; path = AppDelegate.m; sourceTree = "<group>"; };
		B93FD82C196739A600F8EF0B /* Base */ = {isa = PBXFileReference; lastKnownFileType = file.storyboard; name = Base; path = Base.lproj/Main.storyboard; sourceTree = "<group>"; };
		B93FD831196739A600F8EF0B /* Images.xcassets */ = {isa = PBXFileReference; lastKnownFileType = folder.assetcatalog; path = Images.xcassets; sourceTree = "<group>"; };
		B93FD84E19673AD600F8EF0B /* JMGLoctitePush.h */ = {isa = PBXFileReference; fileEncoding = 4; lastKnownFileType = sourcecode.c.h; name = JMGLoctitePush.h; path = Loctite/JMGLoctitePush.h; sourceTree = "<group>"; };
		B93FD84F19673AD600F8EF0B /* JMGLoctitePush.m */ = {isa = PBXFileReference; fileEncoding = 4; lastKnownFileType = sourcecode.c.objc; name = JMGLoctitePush.m; path = Loctite/JMGLoctitePush.m; sourceTree = "<group>"; };
		B93FD85219673CB400F8EF0B /* JMGLoctiteUtils.h */ = {isa = PBXFileReference; fileEncoding = 4; lastKnownFileType = sourcecode.c.h; name = JMGLoctiteUtils.h; path = Loctite/JMGLoctiteUtils.h; sourceTree = "<group>"; };
		B93FD85319673CB400F8EF0B /* JMGLoctiteUtils.m */ = {isa = PBXFileReference; fileEncoding = 4; lastKnownFileType = sourcecode.c.objc; name = JMGLoctiteUtils.m; path = Loctite/JMGLoctiteUtils.m; sourceTree = "<group>"; };
		B93FD85519673D2900F8EF0B /* JMGLoctiteModal.h */ = {isa = PBXFileReference; fileEncoding = 4; lastKnownFileType = sourcecode.c.h; name = JMGLoctiteModal.h; path = Loctite/JMGLoctiteModal.h; sourceTree = "<group>"; };
		B93FD85619673D2900F8EF0B /* JMGLoctiteModal.m */ = {isa = PBXFileReference; fileEncoding = 4; lastKnownFileType = sourcecode.c.objc; name = JMGLoctiteModal.m; path = Loctite/JMGLoctiteModal.m; sourceTree = "<group>"; };
		B93FD85819673D9700F8EF0B /* Second.storyboard */ = {isa = PBXFileReference; fileEncoding = 4; lastKnownFileType = file.storyboard; path = Second.storyboard; sourceTree = "<group>"; };
/* End PBXFileReference section */

/* Begin PBXFrameworksBuildPhase section */
		B93FD813196739A600F8EF0B /* Frameworks */ = {
			isa = PBXFrameworksBuildPhase;
			buildActionMask = 2147483647;
			files = (
				B93FD81C196739A600F8EF0B /* CoreGraphics.framework in Frameworks */,
				B93FD81E196739A600F8EF0B /* UIKit.framework in Frameworks */,
				B93FD81A196739A600F8EF0B /* Foundation.framework in Frameworks */,
			);
			runOnlyForDeploymentPostprocessing = 0;
		};
/* End PBXFrameworksBuildPhase section */

/* Begin PBXGroup section */
		B93FD80D196739A600F8EF0B = {
			isa = PBXGroup;
			children = (
				B93FD85119673AE200F8EF0B /* Loctite */,
				B93FD81F196739A600F8EF0B /* Loctite Demo */,
				B93FD818196739A600F8EF0B /* Frameworks */,
				B93FD817196739A600F8EF0B /* Products */,
			);
			sourceTree = "<group>";
		};
		B93FD817196739A600F8EF0B /* Products */ = {
			isa = PBXGroup;
			children = (
				B93FD816196739A600F8EF0B /* Loctite Demo.app */,
			);
			name = Products;
			sourceTree = "<group>";
		};
		B93FD818196739A600F8EF0B /* Frameworks */ = {
			isa = PBXGroup;
			children = (
				B93FD819196739A600F8EF0B /* Foundation.framework */,
				B93FD81B196739A600F8EF0B /* CoreGraphics.framework */,
				B93FD81D196739A600F8EF0B /* UIKit.framework */,
			);
			name = Frameworks;
			sourceTree = "<group>";
		};
		B93FD81F196739A600F8EF0B /* Loctite Demo */ = {
			isa = PBXGroup;
			children = (
				B93FD828196739A600F8EF0B /* AppDelegate.h */,
				B93FD829196739A600F8EF0B /* AppDelegate.m */,
				B93FD82B196739A600F8EF0B /* Main.storyboard */,
				B93FD85819673D9700F8EF0B /* Second.storyboard */,
				B93FD831196739A600F8EF0B /* Images.xcassets */,
				B93FD820196739A600F8EF0B /* Supporting Files */,
			);
			path = "Loctite Demo";
			sourceTree = "<group>";
		};
		B93FD820196739A600F8EF0B /* Supporting Files */ = {
			isa = PBXGroup;
			children = (
				B93FD821196739A600F8EF0B /* Loctite Demo-Info.plist */,
				B93FD822196739A600F8EF0B /* InfoPlist.strings */,
				B93FD825196739A600F8EF0B /* main.m */,
				B93FD827196739A600F8EF0B /* Loctite Demo-Prefix.pch */,
			);
			name = "Supporting Files";
			sourceTree = "<group>";
		};
		B93FD85119673AE200F8EF0B /* Loctite */ = {
			isa = PBXGroup;
			children = (
				B93FD85A19673FD300F8EF0B /* Utils */,
				B93FD84E19673AD600F8EF0B /* JMGLoctitePush.h */,
				B93FD84F19673AD600F8EF0B /* JMGLoctitePush.m */,
				B93FD85519673D2900F8EF0B /* JMGLoctiteModal.h */,
				B93FD85619673D2900F8EF0B /* JMGLoctiteModal.m */,
			);
			name = Loctite;
			sourceTree = "<group>";
		};
		B93FD85A19673FD300F8EF0B /* Utils */ = {
			isa = PBXGroup;
			children = (
				B93FD85219673CB400F8EF0B /* JMGLoctiteUtils.h */,
				B93FD85319673CB400F8EF0B /* JMGLoctiteUtils.m */,
			);
			name = Utils;
			sourceTree = "<group>";
		};
/* End PBXGroup section */

/* Begin PBXNativeTarget section */
		B93FD815196739A600F8EF0B /* Loctite Demo */ = {
			isa = PBXNativeTarget;
			buildConfigurationList = B93FD848196739A600F8EF0B /* Build configuration list for PBXNativeTarget "Loctite Demo" */;
			buildPhases = (
				B93FD812196739A600F8EF0B /* Sources */,
				B93FD813196739A600F8EF0B /* Frameworks */,
				B93FD814196739A600F8EF0B /* Resources */,
			);
			buildRules = (
			);
			dependencies = (
			);
			name = "Loctite Demo";
			productName = "Loctite Demo";
			productReference = B93FD816196739A600F8EF0B /* Loctite Demo.app */;
			productType = "com.apple.product-type.application";
		};
/* End PBXNativeTarget section */

/* Begin PBXProject section */
		B93FD80E196739A600F8EF0B /* Project object */ = {
			isa = PBXProject;
			attributes = {
				CLASSPREFIX = JMG;
				LastUpgradeCheck = 0510;
				ORGANIZATIONNAME = "Jorge Maroto García";
			};
			buildConfigurationList = B93FD811196739A600F8EF0B /* Build configuration list for PBXProject "Loctite Demo" */;
			compatibilityVersion = "Xcode 3.2";
			developmentRegion = English;
			hasScannedForEncodings = 0;
			knownRegions = (
				en,
				Base,
			);
			mainGroup = B93FD80D196739A600F8EF0B;
			productRefGroup = B93FD817196739A600F8EF0B /* Products */;
			projectDirPath = "";
			projectRoot = "";
			targets = (
				B93FD815196739A600F8EF0B /* Loctite Demo */,
			);
		};
/* End PBXProject section */

/* Begin PBXResourcesBuildPhase section */
		B93FD814196739A600F8EF0B /* Resources */ = {
			isa = PBXResourcesBuildPhase;
			buildActionMask = 2147483647;
			files = (
				B93FD85919673D9700F8EF0B /* Second.storyboard in Resources */,
				B93FD832196739A600F8EF0B /* Images.xcassets in Resources */,
				B93FD824196739A600F8EF0B /* InfoPlist.strings in Resources */,
				B93FD82D196739A600F8EF0B /* Main.storyboard in Resources */,
			);
			runOnlyForDeploymentPostprocessing = 0;
		};
/* End PBXResourcesBuildPhase section */

/* Begin PBXSourcesBuildPhase section */
		B93FD812196739A600F8EF0B /* Sources */ = {
			isa = PBXSourcesBuildPhase;
			buildActionMask = 2147483647;
			files = (
				B93FD85019673AD600F8EF0B /* JMGLoctitePush.m in Sources */,
				B93FD85719673D2900F8EF0B /* JMGLoctiteModal.m in Sources */,
				B93FD826196739A600F8EF0B /* main.m in Sources */,
				B93FD82A196739A600F8EF0B /* AppDelegate.m in Sources */,
				B93FD85419673CB400F8EF0B /* JMGLoctiteUtils.m in Sources */,
			);
			runOnlyForDeploymentPostprocessing = 0;
		};
/* End PBXSourcesBuildPhase section */

/* Begin PBXVariantGroup section */
		B93FD822196739A600F8EF0B /* InfoPlist.strings */ = {
			isa = PBXVariantGroup;
			children = (
				B93FD823196739A600F8EF0B /* en */,
			);
			name = InfoPlist.strings;
			sourceTree = "<group>";
		};
		B93FD82B196739A600F8EF0B /* Main.storyboard */ = {
			isa = PBXVariantGroup;
			children = (
				B93FD82C196739A600F8EF0B /* Base */,
			);
			name = Main.storyboard;
			sourceTree = "<group>";
		};
/* End PBXVariantGroup section */

/* Begin XCBuildConfiguration section */
		B93FD846196739A600F8EF0B /* Debug */ = {
			isa = XCBuildConfiguration;
			buildSettings = {
				ALWAYS_SEARCH_USER_PATHS = NO;
				CLANG_CXX_LANGUAGE_STANDARD = "gnu++0x";
				CLANG_CXX_LIBRARY = "libc++";
				CLANG_ENABLE_MODULES = YES;
				CLANG_ENABLE_OBJC_ARC = YES;
				CLANG_WARN_BOOL_CONVERSION = YES;
				CLANG_WARN_CONSTANT_CONVERSION = YES;
				CLANG_WARN_DIRECT_OBJC_ISA_USAGE = YES_ERROR;
				CLANG_WARN_EMPTY_BODY = YES;
				CLANG_WARN_ENUM_CONVERSION = YES;
				CLANG_WARN_INT_CONVERSION = YES;
				CLANG_WARN_OBJC_ROOT_CLASS = YES_ERROR;
				CLANG_WARN__DUPLICATE_METHOD_MATCH = YES;
				"CODE_SIGN_IDENTITY[sdk=iphoneos*]" = "iPhone Developer";
				COPY_PHASE_STRIP = NO;
				GCC_C_LANGUAGE_STANDARD = gnu99;
				GCC_DYNAMIC_NO_PIC = NO;
				GCC_OPTIMIZATION_LEVEL = 0;
				GCC_PREPROCESSOR_DEFINITIONS = (
					"DEBUG=1",
					"$(inherited)",
				);
				GCC_SYMBOLS_PRIVATE_EXTERN = NO;
				GCC_WARN_64_TO_32_BIT_CONVERSION = YES;
				GCC_WARN_ABOUT_RETURN_TYPE = YES_ERROR;
				GCC_WARN_UNDECLARED_SELECTOR = YES;
				GCC_WARN_UNINITIALIZED_AUTOS = YES_AGGRESSIVE;
				GCC_WARN_UNUSED_FUNCTION = YES;
				GCC_WARN_UNUSED_VARIABLE = YES;
				IPHONEOS_DEPLOYMENT_TARGET = 7.1;
				ONLY_ACTIVE_ARCH = YES;
				SDKROOT = iphoneos;
			};
			name = Debug;
		};
		B93FD847196739A600F8EF0B /* Release */ = {
			isa = XCBuildConfiguration;
			buildSettings = {
				ALWAYS_SEARCH_USER_PATHS = NO;
				CLANG_CXX_LANGUAGE_STANDARD = "gnu++0x";
				CLANG_CXX_LIBRARY = "libc++";
				CLANG_ENABLE_MODULES = YES;
				CLANG_ENABLE_OBJC_ARC = YES;
				CLANG_WARN_BOOL_CONVERSION = YES;
				CLANG_WARN_CONSTANT_CONVERSION = YES;
				CLANG_WARN_DIRECT_OBJC_ISA_USAGE = YES_ERROR;
				CLANG_WARN_EMPTY_BODY = YES;
				CLANG_WARN_ENUM_CONVERSION = YES;
				CLANG_WARN_INT_CONVERSION = YES;
				CLANG_WARN_OBJC_ROOT_CLASS = YES_ERROR;
				CLANG_WARN__DUPLICATE_METHOD_MATCH = YES;
				"CODE_SIGN_IDENTITY[sdk=iphoneos*]" = "iPhone Developer";
				COPY_PHASE_STRIP = YES;
				ENABLE_NS_ASSERTIONS = NO;
				GCC_C_LANGUAGE_STANDARD = gnu99;
				GCC_WARN_64_TO_32_BIT_CONVERSION = YES;
				GCC_WARN_ABOUT_RETURN_TYPE = YES_ERROR;
				GCC_WARN_UNDECLARED_SELECTOR = YES;
				GCC_WARN_UNINITIALIZED_AUTOS = YES_AGGRESSIVE;
				GCC_WARN_UNUSED_FUNCTION = YES;
				GCC_WARN_UNUSED_VARIABLE = YES;
				IPHONEOS_DEPLOYMENT_TARGET = 7.1;
				SDKROOT = iphoneos;
				VALIDATE_PRODUCT = YES;
			};
			name = Release;
		};
		B93FD849196739A600F8EF0B /* Debug */ = {
			isa = XCBuildConfiguration;
			buildSettings = {
				ASSETCATALOG_COMPILER_APPICON_NAME = AppIcon;
				ASSETCATALOG_COMPILER_LAUNCHIMAGE_NAME = LaunchImage;
				GCC_PRECOMPILE_PREFIX_HEADER = YES;
				GCC_PREFIX_HEADER = "Loctite Demo/Loctite Demo-Prefix.pch";
				INFOPLIST_FILE = "Loctite Demo/Loctite Demo-Info.plist";
				PRODUCT_NAME = "$(TARGET_NAME)";
				WRAPPER_EXTENSION = app;
			};
			name = Debug;
		};
		B93FD84A196739A600F8EF0B /* Release */ = {
			isa = XCBuildConfiguration;
			buildSettings = {
				ASSETCATALOG_COMPILER_APPICON_NAME = AppIcon;
				ASSETCATALOG_COMPILER_LAUNCHIMAGE_NAME = LaunchImage;
				GCC_PRECOMPILE_PREFIX_HEADER = YES;
				GCC_PREFIX_HEADER = "Loctite Demo/Loctite Demo-Prefix.pch";
				INFOPLIST_FILE = "Loctite Demo/Loctite Demo-Info.plist";
				PRODUCT_NAME = "$(TARGET_NAME)";
				WRAPPER_EXTENSION = app;
			};
			name = Release;
		};
/* End XCBuildConfiguration section */

/* Begin XCConfigurationList section */
		B93FD811196739A600F8EF0B /* Build configuration list for PBXProject "Loctite Demo" */ = {
			isa = XCConfigurationList;
			buildConfigurations = (
				B93FD846196739A600F8EF0B /* Debug */,
				B93FD847196739A600F8EF0B /* Release */,
			);
			defaultConfigurationIsVisible = 0;
			defaultConfigurationName = Release;
		};
		B93FD848196739A600F8EF0B /* Build configuration list for PBXNativeTarget "Loctite Demo" */ = {
			isa = XCConfigurationList;
			buildConfigurations = (
				B93FD849196739A600F8EF0B /* Debug */,
				B93FD84A196739A600F8EF0B /* Release */,
			);
			defaultConfigurationIsVisible = 0;
			defaultConfigurationName = Release;
		};
/* End XCConfigurationList section */
	};
	rootObject = B93FD80E196739A600F8EF0B /* Project object */;
}
